
Microsoft Visual Studio Solution File, Format Version 12.00
# Visual Studio Version 17
VisualStudioVersion = 17.2.32630.192
MinimumVisualStudioVersion = 10.0.40219.1
Project("{FAE04EC0-301F-11D3-BF4B-00C04F79EFBC}") = "LeviPlast", "LeviPlast\LeviPlast.csproj", "{AEE5C7A6-031D-46AA-91F9-CBE6F46E49F3}"
EndProject
Project("{FAE04EC0-301F-11D3-BF4B-00C04F79EFBC}") = "LeviPlast.Core", "LeviPlast.Core\LeviPlast.Core.csproj", "{CC9DFC76-CDE0-45BF-874D-21E06948EB98}"
EndProject
Project("{FAE04EC0-301F-11D3-BF4B-00C04F79EFBC}") = "LeviPlast.Infraestructure", "LeviPlast.Infraestructure\LeviPlast.Infraestructure.csproj", "{0319B1AA-BABD-4547-AE96-EC2B9C56126D}"
EndProject
Global
	GlobalSection(SolutionConfigurationPlatforms) = preSolution
		Debug|Any CPU = Debug|Any CPU
		Release|Any CPU = Release|Any CPU
	EndGlobalSection
	GlobalSection(ProjectConfigurationPlatforms) = postSolution
		{AEE5C7A6-031D-46AA-91F9-CBE6F46E49F3}.Debug|Any CPU.ActiveCfg = Debug|Any CPU
		{AEE5C7A6-031D-46AA-91F9-CBE6F46E49F3}.Debug|Any CPU.Build.0 = Debug|Any CPU
		{AEE5C7A6-031D-46AA-91F9-CBE6F46E49F3}.Release|Any CPU.ActiveCfg = Release|Any CPU
		{AEE5C7A6-031D-46AA-91F9-CBE6F46E49F3}.Release|Any CPU.Build.0 = Release|Any CPU
		{CC9DFC76-CDE0-45BF-874D-21E06948EB98}.Debug|Any CPU.ActiveCfg = Debug|Any CPU
		{CC9DFC76-CDE0-45BF-874D-21E06948EB98}.Debug|Any CPU.Build.0 = Debug|Any CPU
		{CC9DFC76-CDE0-45BF-874D-21E06948EB98}.Release|Any CPU.ActiveCfg = Release|Any CPU
		{CC9DFC76-CDE0-45BF-874D-21E06948EB98}.Release|Any CPU.Build.0 = Release|Any CPU
		{0319B1AA-BABD-4547-AE96-EC2B9C56126D}.Debug|Any CPU.ActiveCfg = Debug|Any CPU
		{0319B1AA-BABD-4547-AE96-EC2B9C56126D}.Debug|Any CPU.Build.0 = Debug|Any CPU
		{0319B1AA-BABD-4547-AE96-EC2B9C56126D}.Release|Any CPU.ActiveCfg = Release|Any CPU
		{0319B1AA-BABD-4547-AE96-EC2B9C56126D}.Release|Any CPU.Build.0 = Release|Any CPU
	EndGlobalSection
	GlobalSection(SolutionProperties) = preSolution
		HideSolutionNode = FALSE
	EndGlobalSection
	GlobalSection(ExtensibilityGlobals) = postSolution
		SolutionGuid = {A12A58D7-827B-4D06-9049-FAD9EEE7AB40}
	EndGlobalSection
EndGlobal
